
Microsoft Visual Studio Solution File, Format Version 12.00
# Visual Studio Version 17
VisualStudioVersion = 17.5.002.0
MinimumVisualStudioVersion = 10.0.40219.1
Project("{9A19103F-16F7-4668-BE54-9A1E7A4F7556}") = "KeyWord_Identifier", "KeyWord_Identifier\KeyWord_Identifier.csproj", "{6E4CEE10-22C5-4CEC-BC4B-67C1A71F1A28}"
EndProject
Project("{9A19103F-16F7-4668-BE54-9A1E7A4F7556}") = "CSharp_Tutorial_New", "CSharp_Tutorial_New\CSharp_Tutorial_New.csproj", "{82B3AC70-C691-4C01-A2DD-ACA59D4DA2DD}"
EndProject
Global
	GlobalSection(SolutionConfigurationPlatforms) = preSolution
		Debug|Any CPU = Debug|Any CPU
		Release|Any CPU = Release|Any CPU
	EndGlobalSection
	GlobalSection(ProjectConfigurationPlatforms) = postSolution
		{6E4CEE10-22C5-4CEC-BC4B-67C1A71F1A28}.Debug|Any CPU.ActiveCfg = Debug|Any CPU
		{6E4CEE10-22C5-4CEC-BC4B-67C1A71F1A28}.Debug|Any CPU.Build.0 = Debug|Any CPU
		{6E4CEE10-22C5-4CEC-BC4B-67C1A71F1A28}.Release|Any CPU.ActiveCfg = Release|Any CPU
		{6E4CEE10-22C5-4CEC-BC4B-67C1A71F1A28}.Release|Any CPU.Build.0 = Release|Any CPU
		{82B3AC70-C691-4C01-A2DD-ACA59D4DA2DD}.Debug|Any CPU.ActiveCfg = Debug|Any CPU
		{82B3AC70-C691-4C01-A2DD-ACA59D4DA2DD}.Debug|Any CPU.Build.0 = Debug|Any CPU
		{82B3AC70-C691-4C01-A2DD-ACA59D4DA2DD}.Release|Any CPU.ActiveCfg = Release|Any CPU
		{82B3AC70-C691-4C01-A2DD-ACA59D4DA2DD}.Release|Any CPU.Build.0 = Release|Any CPU
	EndGlobalSection
	GlobalSection(SolutionProperties) = preSolution
		HideSolutionNode = FALSE
	EndGlobalSection
	GlobalSection(ExtensibilityGlobals) = postSolution
		SolutionGuid = {1EABA6FA-9FA6-4CAC-A7BA-1678D1F4BE9A}
	EndGlobalSection
EndGlobal
